{
  "requires": true,
  "lockfileVersion": 1,
  "dependencies": {
    "@sweetalert2/themes": {
      "version": "3.2.0",
      "resolved": "https://registry.npmjs.org/@sweetalert2/themes/-/themes-3.2.0.tgz",
      "integrity": "sha512-TxQo3SsPoyrn1lKb9W7GL1fSBUDpRWvH3XFycWdpCgDP6smR3Hb/jvoeLKzZZjWbYsVJ1XZktjR230Q6oTUKIQ=="
    }
  }
}
